{
    "version": 3,
    "terraform_version": "0.8.1",
    "serial": 0,
    "lineage": "a2d7a658-5a4a-48e4-9889-b97154578303",
    "modules": [
        {
            "path": [
                "root"
            ],
            "outputs": {
                "Private IP": {
                    "sensitive": false,
                    "type": "string",
                    "value": "10.0.0.8,10.0.3.238,10.0.1.220"
                },
                "Public IP": {
                    "sensitive": false,
                    "type": "string",
                    "value": "34.203.229.66,54.236.17.153,54.91.250.110"
                },
                "lb_address": {
                    "sensitive": false,
                    "type": "string",
                    "value": "internal-MariaDBGalera-1689159607.us-east-1.elb.amazonaws.com"
                }
            },
            "resources": {
                "aws_elb.MariaDB_Galera": {
                    "type": "aws_elb",
                    "depends_on": [
                        "aws_instance.mariadb_galera"
                    ],
                    "primary": {
                        "id": "MariaDBGalera",
                        "attributes": {
                            "access_logs.#": "0",
                            "availability_zones.#": "4",
                            "availability_zones.2762590996": "us-east-1d",
                            "availability_zones.3551460226": "us-east-1e",
                            "availability_zones.3569565595": "us-east-1a",
                            "availability_zones.986537655": "us-east-1c",
                            "connection_draining": "true",
                            "connection_draining_timeout": "60",
                            "cross_zone_load_balancing": "true",
                            "dns_name": "internal-MariaDBGalera-1689159607.us-east-1.elb.amazonaws.com",
                            "health_check.#": "1",
                            "health_check.0.healthy_threshold": "2",
                            "health_check.0.interval": "60",
                            "health_check.0.target": "TCP:3306",
                            "health_check.0.timeout": "5",
                            "health_check.0.unhealthy_threshold": "10",
                            "id": "MariaDBGalera",
                            "idle_timeout": "60",
                            "instances.#": "3",
                            "instances.2700823833": "i-0765cc1c6ed561747",
                            "instances.3456773754": "i-06a32c92a1a3bd61b",
                            "instances.523254409": "i-0ed7c4477ab984b86",
                            "internal": "true",
                            "listener.#": "1",
                            "listener.1711430035.instance_port": "3306",
                            "listener.1711430035.instance_protocol": "tcp",
                            "listener.1711430035.lb_port": "3306",
                            "listener.1711430035.lb_protocol": "tcp",
                            "listener.1711430035.ssl_certificate_id": "",
                            "name": "MariaDBGalera",
                            "security_groups.#": "1",
                            "security_groups.3532406471": "sg-68600514",
                            "source_security_group": "605689560453/default",
                            "source_security_group_id": "sg-68600514",
                            "subnets.#": "4",
                            "subnets.145909539": "subnet-2264616b",
                            "subnets.3651294207": "subnet-ae085c83",
                            "subnets.737618146": "subnet-ce7cf5f2",
                            "subnets.750729123": "subnet-bda4e7e6",
                            "tags.%": "0",
                            "zone_id": "Z35SXDOTRQ7X7K"
                        },
                        "meta": {},
                        "tainted": false
                    },
                    "deposed": [],
                    "provider": ""
                },
                "aws_instance.mariadb_galera.0": {
                    "type": "aws_instance",
                    "depends_on": [
                        "aws_security_group.MariaDB_Galera"
                    ],
                    "primary": {
                        "id": "i-0765cc1c6ed561747",
                        "attributes": {
                            "ami": "ami-f4cc1de2",
                            "associate_public_ip_address": "true",
                            "availability_zone": "us-east-1a",
                            "disable_api_termination": "false",
                            "ebs_block_device.#": "1",
                            "ebs_block_device.3905984573.delete_on_termination": "true",
                            "ebs_block_device.3905984573.device_name": "/dev/xvdb",
                            "ebs_block_device.3905984573.encrypted": "false",
                            "ebs_block_device.3905984573.iops": "150",
                            "ebs_block_device.3905984573.snapshot_id": "",
                            "ebs_block_device.3905984573.volume_size": "50",
                            "ebs_block_device.3905984573.volume_type": "gp2",
                            "ebs_optimized": "false",
                            "ephemeral_block_device.#": "0",
                            "iam_instance_profile": "",
                            "id": "i-0765cc1c6ed561747",
                            "instance_state": "running",
                            "instance_type": "t2.medium",
                            "key_name": "Blog-Estudo",
                            "monitoring": "false",
                            "network_interface_id": "eni-9ee83247",
                            "private_dns": "ip-10-0-0-8.ec2.internal",
                            "private_ip": "10.0.0.8",
                            "public_dns": "ec2-34-203-229-66.compute-1.amazonaws.com",
                            "public_ip": "34.203.229.66",
                            "root_block_device.#": "1",
                            "root_block_device.0.delete_on_termination": "true",
                            "root_block_device.0.iops": "100",
                            "root_block_device.0.volume_size": "30",
                            "root_block_device.0.volume_type": "gp2",
                            "security_groups.#": "0",
                            "source_dest_check": "true",
                            "subnet_id": "subnet-bda4e7e6",
                            "tags.%": "1",
                            "tags.Name": "MariaDB_Galera",
                            "tenancy": "default",
                            "user_data": "63b1f508b8cded9d67e99f2b5d39f6f19d4ba016",
                            "vpc_security_group_ids.#": "1",
                            "vpc_security_group_ids.2586860280": "sg-5a126f25"
                        },
                        "meta": {
                            "schema_version": "1"
                        },
                        "tainted": false
                    },
                    "deposed": [],
                    "provider": ""
                },
                "aws_instance.mariadb_galera.1": {
                    "type": "aws_instance",
                    "depends_on": [
                        "aws_security_group.MariaDB_Galera"
                    ],
                    "primary": {
                        "id": "i-0ed7c4477ab984b86",
                        "attributes": {
                            "ami": "ami-f4cc1de2",
                            "associate_public_ip_address": "true",
                            "availability_zone": "us-east-1e",
                            "disable_api_termination": "false",
                            "ebs_block_device.#": "1",
                            "ebs_block_device.3905984573.delete_on_termination": "true",
                            "ebs_block_device.3905984573.device_name": "/dev/xvdb",
                            "ebs_block_device.3905984573.encrypted": "false",
                            "ebs_block_device.3905984573.iops": "150",
                            "ebs_block_device.3905984573.snapshot_id": "",
                            "ebs_block_device.3905984573.volume_size": "50",
                            "ebs_block_device.3905984573.volume_type": "gp2",
                            "ebs_optimized": "false",
                            "ephemeral_block_device.#": "0",
                            "iam_instance_profile": "",
                            "id": "i-0ed7c4477ab984b86",
                            "instance_state": "running",
                            "instance_type": "t2.medium",
                            "key_name": "Blog-Estudo",
                            "monitoring": "false",
                            "network_interface_id": "eni-d413f2da",
                            "private_dns": "ip-10-0-3-238.ec2.internal",
                            "private_ip": "10.0.3.238",
                            "public_dns": "ec2-54-236-17-153.compute-1.amazonaws.com",
                            "public_ip": "54.236.17.153",
                            "root_block_device.#": "1",
                            "root_block_device.0.delete_on_termination": "true",
                            "root_block_device.0.iops": "100",
                            "root_block_device.0.volume_size": "30",
                            "root_block_device.0.volume_type": "gp2",
                            "security_groups.#": "0",
                            "source_dest_check": "true",
                            "subnet_id": "subnet-ce7cf5f2",
                            "tags.%": "1",
                            "tags.Name": "MariaDB_Galera",
                            "tenancy": "default",
                            "user_data": "63b1f508b8cded9d67e99f2b5d39f6f19d4ba016",
                            "vpc_security_group_ids.#": "1",
                            "vpc_security_group_ids.2586860280": "sg-5a126f25"
                        },
                        "meta": {
                            "schema_version": "1"
                        },
                        "tainted": false
                    },
                    "deposed": [],
                    "provider": ""
                },
                "aws_instance.mariadb_galera.2": {
                    "type": "aws_instance",
                    "depends_on": [
                        "aws_security_group.MariaDB_Galera"
                    ],
                    "primary": {
                        "id": "i-06a32c92a1a3bd61b",
                        "attributes": {
                            "ami": "ami-f4cc1de2",
                            "associate_public_ip_address": "true",
                            "availability_zone": "us-east-1c",
                            "disable_api_termination": "false",
                            "ebs_block_device.#": "1",
                            "ebs_block_device.3905984573.delete_on_termination": "true",
                            "ebs_block_device.3905984573.device_name": "/dev/xvdb",
                            "ebs_block_device.3905984573.encrypted": "false",
                            "ebs_block_device.3905984573.iops": "150",
                            "ebs_block_device.3905984573.snapshot_id": "",
                            "ebs_block_device.3905984573.volume_size": "50",
                            "ebs_block_device.3905984573.volume_type": "gp2",
                            "ebs_optimized": "false",
                            "ephemeral_block_device.#": "0",
                            "iam_instance_profile": "",
                            "id": "i-06a32c92a1a3bd61b",
                            "instance_state": "running",
                            "instance_type": "t2.medium",
                            "key_name": "Blog-Estudo",
                            "monitoring": "false",
                            "network_interface_id": "eni-ca08f43d",
                            "private_dns": "ip-10-0-1-220.ec2.internal",
                            "private_ip": "10.0.1.220",
                            "public_dns": "ec2-54-91-250-110.compute-1.amazonaws.com",
                            "public_ip": "54.91.250.110",
                            "root_block_device.#": "1",
                            "root_block_device.0.delete_on_termination": "true",
                            "root_block_device.0.iops": "100",
                            "root_block_device.0.volume_size": "30",
                            "root_block_device.0.volume_type": "gp2",
                            "security_groups.#": "0",
                            "source_dest_check": "true",
                            "subnet_id": "subnet-ae085c83",
                            "tags.%": "1",
                            "tags.Name": "MariaDB_Galera",
                            "tenancy": "default",
                            "user_data": "63b1f508b8cded9d67e99f2b5d39f6f19d4ba016",
                            "vpc_security_group_ids.#": "1",
                            "vpc_security_group_ids.2586860280": "sg-5a126f25"
                        },
                        "meta": {
                            "schema_version": "1"
                        },
                        "tainted": false
                    },
                    "deposed": [],
                    "provider": ""
                },
                "aws_security_group.MariaDB_Galera": {
                    "type": "aws_security_group",
                    "depends_on": [],
                    "primary": {
                        "id": "sg-5a126f25",
                        "attributes": {
                            "description": "Used in the terraform",
                            "egress.#": "1",
                            "egress.482069346.cidr_blocks.#": "1",
                            "egress.482069346.cidr_blocks.0": "0.0.0.0/0",
                            "egress.482069346.from_port": "0",
                            "egress.482069346.prefix_list_ids.#": "0",
                            "egress.482069346.protocol": "-1",
                            "egress.482069346.security_groups.#": "0",
                            "egress.482069346.self": "false",
                            "egress.482069346.to_port": "0",
                            "id": "sg-5a126f25",
                            "ingress.#": "3",
                            "ingress.1163740523.cidr_blocks.#": "1",
                            "ingress.1163740523.cidr_blocks.0": "0.0.0.0/0",
                            "ingress.1163740523.from_port": "3306",
                            "ingress.1163740523.protocol": "tcp",
                            "ingress.1163740523.security_groups.#": "0",
                            "ingress.1163740523.self": "false",
                            "ingress.1163740523.to_port": "3306",
                            "ingress.2541437006.cidr_blocks.#": "1",
                            "ingress.2541437006.cidr_blocks.0": "0.0.0.0/0",
                            "ingress.2541437006.from_port": "22",
                            "ingress.2541437006.protocol": "tcp",
                            "ingress.2541437006.security_groups.#": "0",
                            "ingress.2541437006.self": "false",
                            "ingress.2541437006.to_port": "22",
                            "ingress.3034401824.cidr_blocks.#": "1",
                            "ingress.3034401824.cidr_blocks.0": "10.0.0.0/22",
                            "ingress.3034401824.from_port": "0",
                            "ingress.3034401824.protocol": "-1",
                            "ingress.3034401824.security_groups.#": "0",
                            "ingress.3034401824.self": "true",
                            "ingress.3034401824.to_port": "0",
                            "name": "MariaDBGalera",
                            "owner_id": "605689560453",
                            "tags.%": "0",
                            "vpc_id": "vpc-a4f76ec2"
                        },
                        "meta": {},
                        "tainted": false
                    },
                    "deposed": [],
                    "provider": ""
                }
            },
            "depends_on": []
        }
    ]
}
